{
  "name": "@reserve-protocol/reserve-governor",
  "version": "0.1.0",
  "lockfileVersion": 3,
  "requires": true,
  "packages": {
    "": {
      "name": "@reserve-protocol/reserve-governor",
      "version": "0.1.0",
      "license": "MIT",
      "dependencies": {
        "@openzeppelin/contracts": "^5.6.1",
        "@openzeppelin/contracts-upgradeable": "^5.4.0",
        "@prb/math": "^4.1.0",
        "forge-std": "github:foundry-rs/forge-std#v1.14.0"
      }
    },
    "node_modules/@openzeppelin/contracts": {
      "version": "5.6.1",
      "resolved": "https://registry.npmjs.org/@openzeppelin/contracts/-/contracts-5.6.1.tgz",
      "integrity": "sha512-Ly6SlsVJ3mj+b18W3R8gNufB7dTICT105fJhodGAGgyC2oqnBAhqSiNDJ8V8DLY05cCz81GLI0CU5vNYA1EC/w==",
      "license": "MIT"
    },
    "node_modules/@openzeppelin/contracts-upgradeable": {
      "version": "5.6.1",
      "resolved": "https://registry.npmjs.org/@openzeppelin/contracts-upgradeable/-/contracts-upgradeable-5.6.1.tgz",
      "integrity": "sha512-n4a/vfRs114lXyUdYg7pyY8LvFKWvCDF5lEcRRAVxap8g6ZEdLqm+9tmt2zTtRHcNMxTYp9y5t6KBof4tHp7Og==",
      "license": "MIT",
      "peerDependencies": {
        "@openzeppelin/contracts": "5.6.1"
      }
    },
    "node_modules/@prb/math": {
      "version": "4.1.1",
      "resolved": "https://registry.npmjs.org/@prb/math/-/math-4.1.1.tgz",
      "integrity": "sha512-3945t7yS+4M3S2+aO+H3+N4pFLQijyhHInmp9hiMXMRq9lyAMnAfrgGodwhaccCPcSNScSh7qIJO5aCa8fPh1Q==",
      "license": "MIT"
    },
    "node_modules/forge-std": {
      "version": "1.14.0",
      "resolved": "git+ssh://git@github.com/foundry-rs/forge-std.git#1801b0541f4fda118a10798fd3486bb7051c5dd6",
      "license": "(Apache-2.0 OR MIT)"
    }
  }
}
